
Microsoft Visual Studio Solution File, Format Version 12.00
# Visual Studio Version 17
VisualStudioVersion = 17.2.32616.157
MinimumVisualStudioVersion = 10.0.40219.1
Project("{FAE04EC0-301F-11D3-BF4B-00C04F79EFBC}") = "StreamWiter", "StreamWiter\StreamWiter.csproj", "{AD8C722A-0EB0-46AB-B6CF-2B4F5F7EE26C}"
EndProject
Global
	GlobalSection(SolutionConfigurationPlatforms) = preSolution
		Debug|Any CPU = Debug|Any CPU
		Release|Any CPU = Release|Any CPU
	EndGlobalSection
	GlobalSection(ProjectConfigurationPlatforms) = postSolution
		{AD8C722A-0EB0-46AB-B6CF-2B4F5F7EE26C}.Debug|Any CPU.ActiveCfg = Debug|Any CPU
		{AD8C722A-0EB0-46AB-B6CF-2B4F5F7EE26C}.Debug|Any CPU.Build.0 = Debug|Any CPU
		{AD8C722A-0EB0-46AB-B6CF-2B4F5F7EE26C}.Release|Any CPU.ActiveCfg = Release|Any CPU
		{AD8C722A-0EB0-46AB-B6CF-2B4F5F7EE26C}.Release|Any CPU.Build.0 = Release|Any CPU
	EndGlobalSection
	GlobalSection(SolutionProperties) = preSolution
		HideSolutionNode = FALSE
	EndGlobalSection
	GlobalSection(ExtensibilityGlobals) = postSolution
		SolutionGuid = {0E133588-79FB-468E-B0CC-3C01B09A3224}
	EndGlobalSection
EndGlobal
