
Microsoft Visual Studio Solution File, Format Version 12.00
# Visual Studio Version 17
VisualStudioVersion = 17.2.32616.157
MinimumVisualStudioVersion = 10.0.40219.1
Project("{FAE04EC0-301F-11D3-BF4B-00C04F79EFBC}") = "BlocoUsing", "BlocoUsing\BlocoUsing.csproj", "{679F80B3-A42C-4AD4-943A-0025D0D3A4DB}"
EndProject
Global
	GlobalSection(SolutionConfigurationPlatforms) = preSolution
		Debug|Any CPU = Debug|Any CPU
		Release|Any CPU = Release|Any CPU
	EndGlobalSection
	GlobalSection(ProjectConfigurationPlatforms) = postSolution
		{679F80B3-A42C-4AD4-943A-0025D0D3A4DB}.Debug|Any CPU.ActiveCfg = Debug|Any CPU
		{679F80B3-A42C-4AD4-943A-0025D0D3A4DB}.Debug|Any CPU.Build.0 = Debug|Any CPU
		{679F80B3-A42C-4AD4-943A-0025D0D3A4DB}.Release|Any CPU.ActiveCfg = Release|Any CPU
		{679F80B3-A42C-4AD4-943A-0025D0D3A4DB}.Release|Any CPU.Build.0 = Release|Any CPU
	EndGlobalSection
	GlobalSection(SolutionProperties) = preSolution
		HideSolutionNode = FALSE
	EndGlobalSection
	GlobalSection(ExtensibilityGlobals) = postSolution
		SolutionGuid = {959CE0EF-1E95-4416-8EA5-245DB3971AEC}
	EndGlobalSection
EndGlobal
